uuid: 941bff26-84d5-46cb-bc10-d6fa9753e394
langcode: en
status: true
dependencies:
  content:
    - 'block_content:basic:3c94d1df-75aa-4fc7-b75b-486ece3589e2'
  module:
    - block_content
  theme:
    - bartik
id: article_block
theme: bartik
region: sidebar_first
weight: -8
provider: null
plugin: 'block_content:3c94d1df-75aa-4fc7-b75b-486ece3589e2'
settings:
  id: 'block_content:3c94d1df-75aa-4fc7-b75b-486ece3589e2'
  label: Article_Block
  provider: block_content
  label_display: '0'
  status: true
  info: ''
  view_mode: full
visibility: {  }
